
Microsoft Visual Studio Solution File, Format Version 12.00
# Visual Studio 2013
VisualStudioVersion = 12.0.40629.0
MinimumVisualStudioVersion = 10.0.40219.1
Project("{FAE04EC0-301F-11D3-BF4B-00C04F79EFBC}") = "ChangeFileName", "ChangeFileName\ChangeFileName.csproj", "{4CDB360C-E7E6-4D39-B473-91EE2E717698}"
EndProject
Project("{FAE04EC0-301F-11D3-BF4B-00C04F79EFBC}") = "RegexFilenameRenamer", "RegexFilenameRenamer\RegexFilenameRenamer.csproj", "{D6D9AB38-C008-4AEA-A50B-F10FC6E1CE23}"
EndProject
Project("{FAE04EC0-301F-11D3-BF4B-00C04F79EFBC}") = "ChangeFileTime", "ChangeFileTime\ChangeFileTime.csproj", "{CADA11BC-FF62-468D-876E-270F972CB1A1}"
EndProject
Project("{FAE04EC0-301F-11D3-BF4B-00C04F79EFBC}") = "touch", "touch\touch.csproj", "{1251059E-80C6-41D0-91DD-E97C6A687685}"
EndProject
Project("{FAE04EC0-301F-11D3-BF4B-00C04F79EFBC}") = "RunWithArgs", "RunWithArgs\RunWithArgs.csproj", "{16650F72-467C-42C4-B4E9-0CF2A2432A0F}"
EndProject
Project("{FAE04EC0-301F-11D3-BF4B-00C04F79EFBC}") = "SendToManager", "SendToManager\SendToManager.csproj", "{33C5F142-259F-48A4-B2F8-1930A448C041}"
	ProjectSection(ProjectDependencies) = postProject
		{35A5C415-0906-4AC7-B0F6-FE3CCA884AD9} = {35A5C415-0906-4AC7-B0F6-FE3CCA884AD9}
	EndProjectSection
EndProject
Project("{FAE04EC0-301F-11D3-BF4B-00C04F79EFBC}") = "CopyFileContent", "CopyFileContent\CopyFileContent.csproj", "{2F340085-9C62-49F6-9A14-A868755289B7}"
EndProject
Project("{FAE04EC0-301F-11D3-BF4B-00C04F79EFBC}") = "CopyFirstLine", "CopyFirstLine\CopyFirstLine.csproj", "{365D827D-A062-4318-B9DA-C8EFB7C4C602}"
EndProject
Project("{FAE04EC0-301F-11D3-BF4B-00C04F79EFBC}") = "DotNet4Runnable", "DotNet4Runnable\DotNet4Runnable.csproj", "{7EB31E6F-AC69-4E5E-8165-71DBD5D398E5}"
EndProject
Project("{8BC9CEB8-8B4A-11D0-8D11-00A0C91BC942}") = "CopyPath", "CopyPath\CopyPath.vcxproj", "{3409B881-FBB7-4BF9-B99E-A0865DB495AC}"
EndProject
Project("{FAE04EC0-301F-11D3-BF4B-00C04F79EFBC}") = "RunOnebyOne", "RunOnebyOne\RunOnebyOne.csproj", "{852E0EED-52E5-48B1-B0D0-D5169F550B3B}"
EndProject
Project("{8BC9CEB8-8B4A-11D0-8D11-00A0C91BC942}") = "MoveTo", "MoveTo\MoveTo.vcxproj", "{4F103413-D513-44AF-BBEE-34557C5D85E2}"
	ProjectSection(ProjectDependencies) = postProject
		{D7A0D165-7D00-4929-A51B-58D098349CAE} = {D7A0D165-7D00-4929-A51B-58D098349CAE}
	EndProjectSection
EndProject
Project("{8BC9CEB8-8B4A-11D0-8D11-00A0C91BC942}") = "LibMoveCopyTo", "LibMoveCopyTo\LibMoveCopyTo.vcxproj", "{D7A0D165-7D00-4929-A51B-58D098349CAE}"
EndProject
Project("{8BC9CEB8-8B4A-11D0-8D11-00A0C91BC942}") = "RunFileAs", "RunFileAs\RunFileAs.vcxproj", "{A4A63BA8-6718-4E4F-A0C9-65204CC0C880}"
EndProject
Project("{FAE04EC0-301F-11D3-BF4B-00C04F79EFBC}") = "SendToManagerLauncher", "SendToManagerLauncher\SendToManagerLauncher.csproj", "{95EE3EEA-3F2C-4BDC-B3C0-EE3DB1CA800A}"
	ProjectSection(ProjectDependencies) = postProject
		{33C5F142-259F-48A4-B2F8-1930A448C041} = {33C5F142-259F-48A4-B2F8-1930A448C041}
	EndProjectSection
EndProject
Project("{8BC9CEB8-8B4A-11D0-8D11-00A0C91BC942}") = "Switch3264", "Switch3264\Switch3264.vcxproj", "{EDA42F1C-00CD-4C8F-AFB4-99F6CE0E7140}"
EndProject
Project("{FAE04EC0-301F-11D3-BF4B-00C04F79EFBC}") = "ListViewEx", "ListViewEx\ListViewEx.csproj", "{35A5C415-0906-4AC7-B0F6-FE3CCA884AD9}"
EndProject
Project("{8BC9CEB8-8B4A-11D0-8D11-00A0C91BC942}") = "WaitNext", "WaitNext\WaitNext.vcxproj", "{0A41396A-9A9E-41B4-896C-1A81BC26329F}"
EndProject
Project("{8BC9CEB8-8B4A-11D0-8D11-00A0C91BC942}") = "SwapFilename", "SwapFilename\SwapFilename.vcxproj", "{A96ADF37-8680-4903-A03F-08FB686488DB}"
EndProject
Project("{FAE04EC0-301F-11D3-BF4B-00C04F79EFBC}") = "CreateSizedFile", "CreateSizedFile\CreateSizedFile.csproj", "{C15756E6-CB9A-457E-85C1-686BC71BBF62}"
EndProject
Project("{8BC9CEB8-8B4A-11D0-8D11-00A0C91BC942}") = "CopyTo", "CopyTo\CopyTo.vcxproj", "{6C077D7E-99DD-4DEE-B77D-1AE475779371}"
EndProject
Project("{FAE04EC0-301F-11D3-BF4B-00C04F79EFBC}") = "ResumeCopy", "ResumeCopy\ResumeCopy.csproj", "{FCCF923C-980D-4607-B416-B2D51F69D60D}"
EndProject
Project("{FAE04EC0-301F-11D3-BF4B-00C04F79EFBC}") = "ComputeFileHash", "ComputeFileHash\ComputeFileHash.csproj", "{4A98D79F-CCA4-4837-B45D-905D65F5237D}"
EndProject
Global
	GlobalSection(SolutionConfigurationPlatforms) = preSolution
		Debug|x86 = Debug|x86
		Release|x86 = Release|x86
	EndGlobalSection
	GlobalSection(ProjectConfigurationPlatforms) = postSolution
		{4CDB360C-E7E6-4D39-B473-91EE2E717698}.Debug|x86.ActiveCfg = Debug|x86
		{4CDB360C-E7E6-4D39-B473-91EE2E717698}.Debug|x86.Build.0 = Debug|x86
		{4CDB360C-E7E6-4D39-B473-91EE2E717698}.Release|x86.ActiveCfg = Release|x86
		{4CDB360C-E7E6-4D39-B473-91EE2E717698}.Release|x86.Build.0 = Release|x86
		{D6D9AB38-C008-4AEA-A50B-F10FC6E1CE23}.Debug|x86.ActiveCfg = Debug|x86
		{D6D9AB38-C008-4AEA-A50B-F10FC6E1CE23}.Debug|x86.Build.0 = Debug|x86
		{D6D9AB38-C008-4AEA-A50B-F10FC6E1CE23}.Release|x86.ActiveCfg = Release|x86
		{D6D9AB38-C008-4AEA-A50B-F10FC6E1CE23}.Release|x86.Build.0 = Release|x86
		{CADA11BC-FF62-468D-876E-270F972CB1A1}.Debug|x86.ActiveCfg = Debug|x86
		{CADA11BC-FF62-468D-876E-270F972CB1A1}.Debug|x86.Build.0 = Debug|x86
		{CADA11BC-FF62-468D-876E-270F972CB1A1}.Release|x86.ActiveCfg = Release|x86
		{CADA11BC-FF62-468D-876E-270F972CB1A1}.Release|x86.Build.0 = Release|x86
		{1251059E-80C6-41D0-91DD-E97C6A687685}.Debug|x86.ActiveCfg = Debug|x86
		{1251059E-80C6-41D0-91DD-E97C6A687685}.Debug|x86.Build.0 = Debug|x86
		{1251059E-80C6-41D0-91DD-E97C6A687685}.Release|x86.ActiveCfg = Release|x86
		{1251059E-80C6-41D0-91DD-E97C6A687685}.Release|x86.Build.0 = Release|x86
		{16650F72-467C-42C4-B4E9-0CF2A2432A0F}.Debug|x86.ActiveCfg = Debug|x86
		{16650F72-467C-42C4-B4E9-0CF2A2432A0F}.Debug|x86.Build.0 = Debug|x86
		{16650F72-467C-42C4-B4E9-0CF2A2432A0F}.Release|x86.ActiveCfg = Release|x86
		{16650F72-467C-42C4-B4E9-0CF2A2432A0F}.Release|x86.Build.0 = Release|x86
		{33C5F142-259F-48A4-B2F8-1930A448C041}.Debug|x86.ActiveCfg = Debug|x86
		{33C5F142-259F-48A4-B2F8-1930A448C041}.Debug|x86.Build.0 = Debug|x86
		{33C5F142-259F-48A4-B2F8-1930A448C041}.Release|x86.ActiveCfg = Release|x86
		{33C5F142-259F-48A4-B2F8-1930A448C041}.Release|x86.Build.0 = Release|x86
		{2F340085-9C62-49F6-9A14-A868755289B7}.Debug|x86.ActiveCfg = Debug|x86
		{2F340085-9C62-49F6-9A14-A868755289B7}.Debug|x86.Build.0 = Debug|x86
		{2F340085-9C62-49F6-9A14-A868755289B7}.Release|x86.ActiveCfg = Release|x86
		{2F340085-9C62-49F6-9A14-A868755289B7}.Release|x86.Build.0 = Release|x86
		{365D827D-A062-4318-B9DA-C8EFB7C4C602}.Debug|x86.ActiveCfg = Debug|x86
		{365D827D-A062-4318-B9DA-C8EFB7C4C602}.Debug|x86.Build.0 = Debug|x86
		{365D827D-A062-4318-B9DA-C8EFB7C4C602}.Release|x86.ActiveCfg = Release|x86
		{365D827D-A062-4318-B9DA-C8EFB7C4C602}.Release|x86.Build.0 = Release|x86
		{7EB31E6F-AC69-4E5E-8165-71DBD5D398E5}.Debug|x86.ActiveCfg = Debug|x86
		{7EB31E6F-AC69-4E5E-8165-71DBD5D398E5}.Debug|x86.Build.0 = Debug|x86
		{7EB31E6F-AC69-4E5E-8165-71DBD5D398E5}.Release|x86.ActiveCfg = Release|x86
		{7EB31E6F-AC69-4E5E-8165-71DBD5D398E5}.Release|x86.Build.0 = Release|x86
		{3409B881-FBB7-4BF9-B99E-A0865DB495AC}.Debug|x86.ActiveCfg = Debug|Win32
		{3409B881-FBB7-4BF9-B99E-A0865DB495AC}.Debug|x86.Build.0 = Debug|Win32
		{3409B881-FBB7-4BF9-B99E-A0865DB495AC}.Release|x86.ActiveCfg = Release|Win32
		{3409B881-FBB7-4BF9-B99E-A0865DB495AC}.Release|x86.Build.0 = Release|Win32
		{852E0EED-52E5-48B1-B0D0-D5169F550B3B}.Debug|x86.ActiveCfg = Debug|x86
		{852E0EED-52E5-48B1-B0D0-D5169F550B3B}.Debug|x86.Build.0 = Debug|x86
		{852E0EED-52E5-48B1-B0D0-D5169F550B3B}.Release|x86.ActiveCfg = Release|x86
		{852E0EED-52E5-48B1-B0D0-D5169F550B3B}.Release|x86.Build.0 = Release|x86
		{4F103413-D513-44AF-BBEE-34557C5D85E2}.Debug|x86.ActiveCfg = Debug|Win32
		{4F103413-D513-44AF-BBEE-34557C5D85E2}.Debug|x86.Build.0 = Debug|Win32
		{4F103413-D513-44AF-BBEE-34557C5D85E2}.Release|x86.ActiveCfg = Release|Win32
		{4F103413-D513-44AF-BBEE-34557C5D85E2}.Release|x86.Build.0 = Release|Win32
		{D7A0D165-7D00-4929-A51B-58D098349CAE}.Debug|x86.ActiveCfg = Debug|Win32
		{D7A0D165-7D00-4929-A51B-58D098349CAE}.Debug|x86.Build.0 = Debug|Win32
		{D7A0D165-7D00-4929-A51B-58D098349CAE}.Release|x86.ActiveCfg = Release|Win32
		{D7A0D165-7D00-4929-A51B-58D098349CAE}.Release|x86.Build.0 = Release|Win32
		{A4A63BA8-6718-4E4F-A0C9-65204CC0C880}.Debug|x86.ActiveCfg = Debug|Win32
		{A4A63BA8-6718-4E4F-A0C9-65204CC0C880}.Debug|x86.Build.0 = Debug|Win32
		{A4A63BA8-6718-4E4F-A0C9-65204CC0C880}.Release|x86.ActiveCfg = Release|Win32
		{A4A63BA8-6718-4E4F-A0C9-65204CC0C880}.Release|x86.Build.0 = Release|Win32
		{95EE3EEA-3F2C-4BDC-B3C0-EE3DB1CA800A}.Debug|x86.ActiveCfg = Debug|x86
		{95EE3EEA-3F2C-4BDC-B3C0-EE3DB1CA800A}.Debug|x86.Build.0 = Debug|x86
		{95EE3EEA-3F2C-4BDC-B3C0-EE3DB1CA800A}.Release|x86.ActiveCfg = Release|x86
		{95EE3EEA-3F2C-4BDC-B3C0-EE3DB1CA800A}.Release|x86.Build.0 = Release|x86
		{EDA42F1C-00CD-4C8F-AFB4-99F6CE0E7140}.Debug|x86.ActiveCfg = Debug|Win32
		{EDA42F1C-00CD-4C8F-AFB4-99F6CE0E7140}.Debug|x86.Build.0 = Debug|Win32
		{EDA42F1C-00CD-4C8F-AFB4-99F6CE0E7140}.Release|x86.ActiveCfg = Release|Win32
		{EDA42F1C-00CD-4C8F-AFB4-99F6CE0E7140}.Release|x86.Build.0 = Release|Win32
		{35A5C415-0906-4AC7-B0F6-FE3CCA884AD9}.Debug|x86.ActiveCfg = Debug|Any CPU
		{35A5C415-0906-4AC7-B0F6-FE3CCA884AD9}.Debug|x86.Build.0 = Debug|Any CPU
		{35A5C415-0906-4AC7-B0F6-FE3CCA884AD9}.Release|x86.ActiveCfg = Release|Any CPU
		{35A5C415-0906-4AC7-B0F6-FE3CCA884AD9}.Release|x86.Build.0 = Release|Any CPU
		{0A41396A-9A9E-41B4-896C-1A81BC26329F}.Debug|x86.ActiveCfg = Debug|Win32
		{0A41396A-9A9E-41B4-896C-1A81BC26329F}.Debug|x86.Build.0 = Debug|Win32
		{0A41396A-9A9E-41B4-896C-1A81BC26329F}.Release|x86.ActiveCfg = Release|Win32
		{0A41396A-9A9E-41B4-896C-1A81BC26329F}.Release|x86.Build.0 = Release|Win32
		{A96ADF37-8680-4903-A03F-08FB686488DB}.Debug|x86.ActiveCfg = Debug|Win32
		{A96ADF37-8680-4903-A03F-08FB686488DB}.Debug|x86.Build.0 = Debug|Win32
		{A96ADF37-8680-4903-A03F-08FB686488DB}.Release|x86.ActiveCfg = Release|Win32
		{A96ADF37-8680-4903-A03F-08FB686488DB}.Release|x86.Build.0 = Release|Win32
		{C15756E6-CB9A-457E-85C1-686BC71BBF62}.Debug|x86.ActiveCfg = Debug|x86
		{C15756E6-CB9A-457E-85C1-686BC71BBF62}.Debug|x86.Build.0 = Debug|x86
		{C15756E6-CB9A-457E-85C1-686BC71BBF62}.Release|x86.ActiveCfg = Release|x86
		{C15756E6-CB9A-457E-85C1-686BC71BBF62}.Release|x86.Build.0 = Release|x86
		{6C077D7E-99DD-4DEE-B77D-1AE475779371}.Debug|x86.ActiveCfg = Debug|Win32
		{6C077D7E-99DD-4DEE-B77D-1AE475779371}.Debug|x86.Build.0 = Debug|Win32
		{6C077D7E-99DD-4DEE-B77D-1AE475779371}.Release|x86.ActiveCfg = Release|Win32
		{6C077D7E-99DD-4DEE-B77D-1AE475779371}.Release|x86.Build.0 = Release|Win32
		{FCCF923C-980D-4607-B416-B2D51F69D60D}.Debug|x86.ActiveCfg = Debug|Any CPU
		{FCCF923C-980D-4607-B416-B2D51F69D60D}.Debug|x86.Build.0 = Debug|Any CPU
		{FCCF923C-980D-4607-B416-B2D51F69D60D}.Release|x86.ActiveCfg = Release|Any CPU
		{FCCF923C-980D-4607-B416-B2D51F69D60D}.Release|x86.Build.0 = Release|Any CPU
		{4A98D79F-CCA4-4837-B45D-905D65F5237D}.Debug|x86.ActiveCfg = Debug|Any CPU
		{4A98D79F-CCA4-4837-B45D-905D65F5237D}.Debug|x86.Build.0 = Debug|Any CPU
		{4A98D79F-CCA4-4837-B45D-905D65F5237D}.Release|x86.ActiveCfg = Release|Any CPU
		{4A98D79F-CCA4-4837-B45D-905D65F5237D}.Release|x86.Build.0 = Release|Any CPU
	EndGlobalSection
	GlobalSection(SolutionProperties) = preSolution
		HideSolutionNode = FALSE
	EndGlobalSection
EndGlobal
