
Microsoft Visual Studio Solution File, Format Version 9.00
# Visual C# Express 2005
Project("{FAE04EC0-301F-11D3-BF4B-00C04F79EFBC}") = "ShortcutRenamer2005", "ShortcutRenamer\ShortcutRenamer2005.csproj", "{AF635702-0D11-4CEF-AA87-8F4F9588523E}"
EndProject
Project("{FAE04EC0-301F-11D3-BF4B-00C04F79EFBC}") = "ChangeFileName2005", "ChangeFileName\ChangeFileName2005.csproj", "{4CDB360C-E7E6-4D39-B473-91EE2E717698}"
EndProject
Project("{FAE04EC0-301F-11D3-BF4B-00C04F79EFBC}") = "RegexFilenameRenamer2005", "RegexFilenameRenamer\RegexFilenameRenamer2005.csproj", "{D6D9AB38-C008-4AEA-A50B-F10FC6E1CE23}"
EndProject
Project("{FAE04EC0-301F-11D3-BF4B-00C04F79EFBC}") = "RenameToFoldername2005", "RenameToFoldername\RenameToFoldername2005.csproj", "{5E066BE0-7F8E-4F00-91DA-CC0C37023E59}"
EndProject
Project("{FAE04EC0-301F-11D3-BF4B-00C04F79EFBC}") = "PathToClipboard2005", "PathToClipboard\PathToClipboard2005.csproj", "{D70AA7C0-E2F3-4022-9EF2-44DA81841E3B}"
EndProject
Project("{FAE04EC0-301F-11D3-BF4B-00C04F79EFBC}") = "CreateSizedFile2005", "CreateSizedFile\CreateSizedFile2005.csproj", "{C15756E6-CB9A-457E-85C1-686BC71BBF62}"
EndProject
Project("{FAE04EC0-301F-11D3-BF4B-00C04F79EFBC}") = "ChangeFileTime2005", "ChangeFileTime\ChangeFileTime2005.csproj", "{CADA11BC-FF62-468D-876E-270F972CB1A1}"
EndProject
Project("{FAE04EC0-301F-11D3-BF4B-00C04F79EFBC}") = "RunasFile2005", "RunasFile\RunasFile2005.csproj", "{5C7C2C08-62BD-4206-95F7-0AA5981F77AB}"
EndProject
Project("{FAE04EC0-301F-11D3-BF4B-00C04F79EFBC}") = "touch2005", "touch\touch2005.csproj", "{1251059E-80C6-41D0-91DD-E97C6A687685}"
EndProject
Project("{FAE04EC0-301F-11D3-BF4B-00C04F79EFBC}") = "argCheck2005", "argCheck\argCheck2005.csproj", "{037D13A9-6533-412F-B473-CD76FBF3B570}"
EndProject
Project("{FAE04EC0-301F-11D3-BF4B-00C04F79EFBC}") = "RunArgs2005", "RunArgs\RunArgs2005.csproj", "{16E99A75-52C2-452C-B91D-070A20B34B65}"
EndProject
Project("{FAE04EC0-301F-11D3-BF4B-00C04F79EFBC}") = "RunWithArgs2005", "RunWithArgs\RunWithArgs2005.csproj", "{16650F72-467C-42C4-B4E9-0CF2A2432A0F}"
EndProject
Project("{FAE04EC0-301F-11D3-BF4B-00C04F79EFBC}") = "DotNet4Runnable", "DotNet4Runnable\DotNet4Runnable2005.csproj", "{7EB31E6F-AC69-4E5E-8165-71DBD5D398E5}"
EndProject
Global
	GlobalSection(SolutionConfigurationPlatforms) = preSolution
		Debug|Any CPU = Debug|Any CPU
		Release|Any CPU = Release|Any CPU
	EndGlobalSection
	GlobalSection(ProjectConfigurationPlatforms) = postSolution
		{AF635702-0D11-4CEF-AA87-8F4F9588523E}.Debug|Any CPU.ActiveCfg = Debug|Any CPU
		{AF635702-0D11-4CEF-AA87-8F4F9588523E}.Debug|Any CPU.Build.0 = Debug|Any CPU
		{AF635702-0D11-4CEF-AA87-8F4F9588523E}.Release|Any CPU.ActiveCfg = Release|Any CPU
		{AF635702-0D11-4CEF-AA87-8F4F9588523E}.Release|Any CPU.Build.0 = Release|Any CPU
		{4CDB360C-E7E6-4D39-B473-91EE2E717698}.Debug|Any CPU.ActiveCfg = Debug|Any CPU
		{4CDB360C-E7E6-4D39-B473-91EE2E717698}.Debug|Any CPU.Build.0 = Debug|Any CPU
		{4CDB360C-E7E6-4D39-B473-91EE2E717698}.Release|Any CPU.ActiveCfg = Release|Any CPU
		{4CDB360C-E7E6-4D39-B473-91EE2E717698}.Release|Any CPU.Build.0 = Release|Any CPU
		{D6D9AB38-C008-4AEA-A50B-F10FC6E1CE23}.Debug|Any CPU.ActiveCfg = Debug|Any CPU
		{D6D9AB38-C008-4AEA-A50B-F10FC6E1CE23}.Debug|Any CPU.Build.0 = Debug|Any CPU
		{D6D9AB38-C008-4AEA-A50B-F10FC6E1CE23}.Release|Any CPU.ActiveCfg = Release|Any CPU
		{D6D9AB38-C008-4AEA-A50B-F10FC6E1CE23}.Release|Any CPU.Build.0 = Release|Any CPU
		{5E066BE0-7F8E-4F00-91DA-CC0C37023E59}.Debug|Any CPU.ActiveCfg = Debug|Any CPU
		{5E066BE0-7F8E-4F00-91DA-CC0C37023E59}.Debug|Any CPU.Build.0 = Debug|Any CPU
		{5E066BE0-7F8E-4F00-91DA-CC0C37023E59}.Release|Any CPU.ActiveCfg = Release|Any CPU
		{5E066BE0-7F8E-4F00-91DA-CC0C37023E59}.Release|Any CPU.Build.0 = Release|Any CPU
		{D70AA7C0-E2F3-4022-9EF2-44DA81841E3B}.Debug|Any CPU.ActiveCfg = Debug|Any CPU
		{D70AA7C0-E2F3-4022-9EF2-44DA81841E3B}.Debug|Any CPU.Build.0 = Debug|Any CPU
		{D70AA7C0-E2F3-4022-9EF2-44DA81841E3B}.Release|Any CPU.ActiveCfg = Release|Any CPU
		{D70AA7C0-E2F3-4022-9EF2-44DA81841E3B}.Release|Any CPU.Build.0 = Release|Any CPU
		{C15756E6-CB9A-457E-85C1-686BC71BBF62}.Debug|Any CPU.ActiveCfg = Debug|Any CPU
		{C15756E6-CB9A-457E-85C1-686BC71BBF62}.Debug|Any CPU.Build.0 = Debug|Any CPU
		{C15756E6-CB9A-457E-85C1-686BC71BBF62}.Release|Any CPU.ActiveCfg = Release|Any CPU
		{C15756E6-CB9A-457E-85C1-686BC71BBF62}.Release|Any CPU.Build.0 = Release|Any CPU
		{CADA11BC-FF62-468D-876E-270F972CB1A1}.Debug|Any CPU.ActiveCfg = Debug|Any CPU
		{CADA11BC-FF62-468D-876E-270F972CB1A1}.Debug|Any CPU.Build.0 = Debug|Any CPU
		{CADA11BC-FF62-468D-876E-270F972CB1A1}.Release|Any CPU.ActiveCfg = Release|Any CPU
		{CADA11BC-FF62-468D-876E-270F972CB1A1}.Release|Any CPU.Build.0 = Release|Any CPU
		{5C7C2C08-62BD-4206-95F7-0AA5981F77AB}.Debug|Any CPU.ActiveCfg = Debug|Any CPU
		{5C7C2C08-62BD-4206-95F7-0AA5981F77AB}.Debug|Any CPU.Build.0 = Debug|Any CPU
		{5C7C2C08-62BD-4206-95F7-0AA5981F77AB}.Release|Any CPU.ActiveCfg = Release|Any CPU
		{5C7C2C08-62BD-4206-95F7-0AA5981F77AB}.Release|Any CPU.Build.0 = Release|Any CPU
		{1251059E-80C6-41D0-91DD-E97C6A687685}.Debug|Any CPU.ActiveCfg = Debug|Any CPU
		{1251059E-80C6-41D0-91DD-E97C6A687685}.Debug|Any CPU.Build.0 = Debug|Any CPU
		{1251059E-80C6-41D0-91DD-E97C6A687685}.Release|Any CPU.ActiveCfg = Release|Any CPU
		{1251059E-80C6-41D0-91DD-E97C6A687685}.Release|Any CPU.Build.0 = Release|Any CPU
		{037D13A9-6533-412F-B473-CD76FBF3B570}.Debug|Any CPU.ActiveCfg = Debug|Any CPU
		{037D13A9-6533-412F-B473-CD76FBF3B570}.Debug|Any CPU.Build.0 = Debug|Any CPU
		{037D13A9-6533-412F-B473-CD76FBF3B570}.Release|Any CPU.ActiveCfg = Release|Any CPU
		{037D13A9-6533-412F-B473-CD76FBF3B570}.Release|Any CPU.Build.0 = Release|Any CPU
		{16E99A75-52C2-452C-B91D-070A20B34B65}.Debug|Any CPU.ActiveCfg = Debug|Any CPU
		{16E99A75-52C2-452C-B91D-070A20B34B65}.Debug|Any CPU.Build.0 = Debug|Any CPU
		{16E99A75-52C2-452C-B91D-070A20B34B65}.Release|Any CPU.ActiveCfg = Release|Any CPU
		{16E99A75-52C2-452C-B91D-070A20B34B65}.Release|Any CPU.Build.0 = Release|Any CPU
		{16650F72-467C-42C4-B4E9-0CF2A2432A0F}.Debug|Any CPU.ActiveCfg = Debug|Any CPU
		{16650F72-467C-42C4-B4E9-0CF2A2432A0F}.Debug|Any CPU.Build.0 = Debug|Any CPU
		{16650F72-467C-42C4-B4E9-0CF2A2432A0F}.Release|Any CPU.ActiveCfg = Release|Any CPU
		{16650F72-467C-42C4-B4E9-0CF2A2432A0F}.Release|Any CPU.Build.0 = Release|Any CPU
		{7EB31E6F-AC69-4E5E-8165-71DBD5D398E5}.Debug|Any CPU.ActiveCfg = Debug|Any CPU
		{7EB31E6F-AC69-4E5E-8165-71DBD5D398E5}.Debug|Any CPU.Build.0 = Debug|Any CPU
		{7EB31E6F-AC69-4E5E-8165-71DBD5D398E5}.Release|Any CPU.ActiveCfg = Release|Any CPU
		{7EB31E6F-AC69-4E5E-8165-71DBD5D398E5}.Release|Any CPU.Build.0 = Release|Any CPU
	EndGlobalSection
	GlobalSection(SolutionProperties) = preSolution
		HideSolutionNode = FALSE
	EndGlobalSection
EndGlobal
