
Microsoft Visual Studio Solution File, Format Version 12.00
# Visual Studio 2013
VisualStudioVersion = 12.0.40629.0
MinimumVisualStudioVersion = 10.0.40219.1
Project("{FAE04EC0-301F-11D3-BF4B-00C04F79EFBC}") = "ShortcutRenamer", "ShortcutRenamer\ShortcutRenamer.csproj", "{AF635702-0D11-4CEF-AA87-8F4F9588523E}"
EndProject
Project("{FAE04EC0-301F-11D3-BF4B-00C04F79EFBC}") = "ChangeFileName", "ChangeFileName\ChangeFileName.csproj", "{4CDB360C-E7E6-4D39-B473-91EE2E717698}"
EndProject
Project("{FAE04EC0-301F-11D3-BF4B-00C04F79EFBC}") = "RegexFilenameRenamer", "RegexFilenameRenamer\RegexFilenameRenamer.csproj", "{D6D9AB38-C008-4AEA-A50B-F10FC6E1CE23}"
EndProject
Project("{FAE04EC0-301F-11D3-BF4B-00C04F79EFBC}") = "RenameToFoldername", "RenameToFoldername\RenameToFoldername.csproj", "{5E066BE0-7F8E-4F00-91DA-CC0C37023E59}"
EndProject
Project("{FAE04EC0-301F-11D3-BF4B-00C04F79EFBC}") = "CreateSizedFile", "CreateSizedFile\CreateSizedFile.csproj", "{C15756E6-CB9A-457E-85C1-686BC71BBF62}"
EndProject
Project("{FAE04EC0-301F-11D3-BF4B-00C04F79EFBC}") = "ChangeFileTime", "ChangeFileTime\ChangeFileTime.csproj", "{CADA11BC-FF62-468D-876E-270F972CB1A1}"
EndProject
Project("{FAE04EC0-301F-11D3-BF4B-00C04F79EFBC}") = "touch", "touch\touch.csproj", "{1251059E-80C6-41D0-91DD-E97C6A687685}"
EndProject
Project("{FAE04EC0-301F-11D3-BF4B-00C04F79EFBC}") = "RunArgs", "RunArgs\RunArgs.csproj", "{16E99A75-52C2-452C-B91D-070A20B34B65}"
EndProject
Project("{FAE04EC0-301F-11D3-BF4B-00C04F79EFBC}") = "RunWithArgs", "RunWithArgs\RunWithArgs.csproj", "{16650F72-467C-42C4-B4E9-0CF2A2432A0F}"
EndProject
Project("{FAE04EC0-301F-11D3-BF4B-00C04F79EFBC}") = "SendToSender", "SendToSender\SendToSender.csproj", "{DCE811FB-1C96-4C1A-A385-98264E2533F3}"
EndProject
Project("{FAE04EC0-301F-11D3-BF4B-00C04F79EFBC}") = "SendToManager", "SendToManager\SendToManager.csproj", "{33C5F142-259F-48A4-B2F8-1930A448C041}"
EndProject
Project("{FAE04EC0-301F-11D3-BF4B-00C04F79EFBC}") = "RunInLanguage", "RunInLanguage\RunInLanguage.csproj", "{15F70AF9-BA47-4AE8-8B2A-B3B5A43490D7}"
EndProject
Project("{FAE04EC0-301F-11D3-BF4B-00C04F79EFBC}") = "ShowEnv", "ShowEnv\ShowEnv.csproj", "{98DCB373-7C4A-4FDD-9FCD-C6A2A7652138}"
EndProject
Project("{FAE04EC0-301F-11D3-BF4B-00C04F79EFBC}") = "CopyFileContent", "CopyFileContent\CopyFileContent.csproj", "{2F340085-9C62-49F6-9A14-A868755289B7}"
EndProject
Project("{FAE04EC0-301F-11D3-BF4B-00C04F79EFBC}") = "CopyFirstLine", "CopyFirstLine\CopyFirstLine.csproj", "{365D827D-A062-4318-B9DA-C8EFB7C4C602}"
EndProject
Project("{8BC9CEB8-8B4A-11D0-8D11-00A0C91BC942}") = "argCheck", "argCheck\argCheck.vcxproj", "{D982DFD8-9CE0-4215-A03E-DD8AC7D622D5}"
EndProject
Project("{8BC9CEB8-8B4A-11D0-8D11-00A0C91BC942}") = "argCheckProcess", "argCheckProcess\argCheckProcess.vcxproj", "{6EA7F54B-3274-458F-9FEC-122F8D9A8FAC}"
EndProject
Project("{FAE04EC0-301F-11D3-BF4B-00C04F79EFBC}") = "DotNet4Runnable", "DotNet4Runnable\DotNet4Runnable.csproj", "{7EB31E6F-AC69-4E5E-8165-71DBD5D398E5}"
EndProject
Project("{8BC9CEB8-8B4A-11D0-8D11-00A0C91BC942}") = "PathToClipboard", "PathToClipboard\PathToClipboard.vcxproj", "{3409B881-FBB7-4BF9-B99E-A0865DB495AC}"
EndProject
Project("{FAE04EC0-301F-11D3-BF4B-00C04F79EFBC}") = "RunasArg", "RunasArg\RunasArg.csproj", "{D268006B-5C40-4E61-A8FE-EA3EEEB73FFC}"
EndProject
Project("{8BC9CEB8-8B4A-11D0-8D11-00A0C91BC942}") = "FileStatus", "FileStatus\FileStatus.vcxproj", "{02E7F292-C899-4F76-AB95-13C490F38AED}"
EndProject
Project("{FAE04EC0-301F-11D3-BF4B-00C04F79EFBC}") = "RunOnebyOne", "RunOnebyOne\RunOnebyOne.csproj", "{852E0EED-52E5-48B1-B0D0-D5169F550B3B}"
EndProject
Project("{FAE04EC0-301F-11D3-BF4B-00C04F79EFBC}") = "virustotalcheck", "virustotalcheck\virustotalcheck.csproj", "{72668FD5-477B-4A61-B31A-F2D6DAE83F1B}"
EndProject
Project("{8BC9CEB8-8B4A-11D0-8D11-00A0C91BC942}") = "MoveTo", "MoveTo\MoveTo.vcxproj", "{4F103413-D513-44AF-BBEE-34557C5D85E2}"
	ProjectSection(ProjectDependencies) = postProject
		{D7A0D165-7D00-4929-A51B-58D098349CAE} = {D7A0D165-7D00-4929-A51B-58D098349CAE}
	EndProjectSection
EndProject
Project("{8BC9CEB8-8B4A-11D0-8D11-00A0C91BC942}") = "LibMoveCopyTo", "LibMoveCopyTo\LibMoveCopyTo.vcxproj", "{D7A0D165-7D00-4929-A51B-58D098349CAE}"
EndProject
Project("{8BC9CEB8-8B4A-11D0-8D11-00A0C91BC942}") = "RunFileAs", "RunFileAs\RunFileAs.vcxproj", "{A4A63BA8-6718-4E4F-A0C9-65204CC0C880}"
EndProject
Project("{FAE04EC0-301F-11D3-BF4B-00C04F79EFBC}") = "SendToManagerLauncher", "SendToManagerLauncher\SendToManagerLauncher.csproj", "{95EE3EEA-3F2C-4BDC-B3C0-EE3DB1CA800A}"
	ProjectSection(ProjectDependencies) = postProject
		{33C5F142-259F-48A4-B2F8-1930A448C041} = {33C5F142-259F-48A4-B2F8-1930A448C041}
	EndProjectSection
EndProject
Project("{8BC9CEB8-8B4A-11D0-8D11-00A0C91BC942}") = "Switch3264", "Switch3264\Switch3264.vcxproj", "{EDA42F1C-00CD-4C8F-AFB4-99F6CE0E7140}"
EndProject
Project("{FAE04EC0-301F-11D3-BF4B-00C04F79EFBC}") = "ListViewEx", "ListViewEx\ListViewEx.csproj", "{35A5C415-0906-4AC7-B0F6-FE3CCA884AD9}"
EndProject
Global
	GlobalSection(SolutionConfigurationPlatforms) = preSolution
		Debug|x64 = Debug|x64
		Debug|x86 = Debug|x86
		Release|x64 = Release|x64
		Release|x86 = Release|x86
	EndGlobalSection
	GlobalSection(ProjectConfigurationPlatforms) = postSolution
		{AF635702-0D11-4CEF-AA87-8F4F9588523E}.Debug|x64.ActiveCfg = Debug|Any CPU
		{AF635702-0D11-4CEF-AA87-8F4F9588523E}.Debug|x64.Build.0 = Debug|Any CPU
		{AF635702-0D11-4CEF-AA87-8F4F9588523E}.Debug|x86.ActiveCfg = Debug|x86
		{AF635702-0D11-4CEF-AA87-8F4F9588523E}.Debug|x86.Build.0 = Debug|x86
		{AF635702-0D11-4CEF-AA87-8F4F9588523E}.Release|x64.ActiveCfg = Release|Any CPU
		{AF635702-0D11-4CEF-AA87-8F4F9588523E}.Release|x64.Build.0 = Release|Any CPU
		{AF635702-0D11-4CEF-AA87-8F4F9588523E}.Release|x86.ActiveCfg = Release|x86
		{AF635702-0D11-4CEF-AA87-8F4F9588523E}.Release|x86.Build.0 = Release|x86
		{4CDB360C-E7E6-4D39-B473-91EE2E717698}.Debug|x64.ActiveCfg = Debug|Any CPU
		{4CDB360C-E7E6-4D39-B473-91EE2E717698}.Debug|x64.Build.0 = Debug|Any CPU
		{4CDB360C-E7E6-4D39-B473-91EE2E717698}.Debug|x86.ActiveCfg = Debug|x86
		{4CDB360C-E7E6-4D39-B473-91EE2E717698}.Debug|x86.Build.0 = Debug|x86
		{4CDB360C-E7E6-4D39-B473-91EE2E717698}.Release|x64.ActiveCfg = Release|Any CPU
		{4CDB360C-E7E6-4D39-B473-91EE2E717698}.Release|x64.Build.0 = Release|Any CPU
		{4CDB360C-E7E6-4D39-B473-91EE2E717698}.Release|x86.ActiveCfg = Release|x86
		{4CDB360C-E7E6-4D39-B473-91EE2E717698}.Release|x86.Build.0 = Release|x86
		{D6D9AB38-C008-4AEA-A50B-F10FC6E1CE23}.Debug|x64.ActiveCfg = Debug|Any CPU
		{D6D9AB38-C008-4AEA-A50B-F10FC6E1CE23}.Debug|x64.Build.0 = Debug|Any CPU
		{D6D9AB38-C008-4AEA-A50B-F10FC6E1CE23}.Debug|x86.ActiveCfg = Debug|x86
		{D6D9AB38-C008-4AEA-A50B-F10FC6E1CE23}.Debug|x86.Build.0 = Debug|x86
		{D6D9AB38-C008-4AEA-A50B-F10FC6E1CE23}.Release|x64.ActiveCfg = Release|Any CPU
		{D6D9AB38-C008-4AEA-A50B-F10FC6E1CE23}.Release|x64.Build.0 = Release|Any CPU
		{D6D9AB38-C008-4AEA-A50B-F10FC6E1CE23}.Release|x86.ActiveCfg = Release|x86
		{D6D9AB38-C008-4AEA-A50B-F10FC6E1CE23}.Release|x86.Build.0 = Release|x86
		{5E066BE0-7F8E-4F00-91DA-CC0C37023E59}.Debug|x64.ActiveCfg = Debug|Any CPU
		{5E066BE0-7F8E-4F00-91DA-CC0C37023E59}.Debug|x64.Build.0 = Debug|Any CPU
		{5E066BE0-7F8E-4F00-91DA-CC0C37023E59}.Debug|x86.ActiveCfg = Debug|x86
		{5E066BE0-7F8E-4F00-91DA-CC0C37023E59}.Debug|x86.Build.0 = Debug|x86
		{5E066BE0-7F8E-4F00-91DA-CC0C37023E59}.Release|x64.ActiveCfg = Release|Any CPU
		{5E066BE0-7F8E-4F00-91DA-CC0C37023E59}.Release|x64.Build.0 = Release|Any CPU
		{5E066BE0-7F8E-4F00-91DA-CC0C37023E59}.Release|x86.ActiveCfg = Release|x86
		{5E066BE0-7F8E-4F00-91DA-CC0C37023E59}.Release|x86.Build.0 = Release|x86
		{C15756E6-CB9A-457E-85C1-686BC71BBF62}.Debug|x64.ActiveCfg = Debug|Any CPU
		{C15756E6-CB9A-457E-85C1-686BC71BBF62}.Debug|x64.Build.0 = Debug|Any CPU
		{C15756E6-CB9A-457E-85C1-686BC71BBF62}.Debug|x86.ActiveCfg = Debug|x86
		{C15756E6-CB9A-457E-85C1-686BC71BBF62}.Debug|x86.Build.0 = Debug|x86
		{C15756E6-CB9A-457E-85C1-686BC71BBF62}.Release|x64.ActiveCfg = Release|Any CPU
		{C15756E6-CB9A-457E-85C1-686BC71BBF62}.Release|x64.Build.0 = Release|Any CPU
		{C15756E6-CB9A-457E-85C1-686BC71BBF62}.Release|x86.ActiveCfg = Release|x86
		{C15756E6-CB9A-457E-85C1-686BC71BBF62}.Release|x86.Build.0 = Release|x86
		{CADA11BC-FF62-468D-876E-270F972CB1A1}.Debug|x64.ActiveCfg = Debug|Any CPU
		{CADA11BC-FF62-468D-876E-270F972CB1A1}.Debug|x64.Build.0 = Debug|Any CPU
		{CADA11BC-FF62-468D-876E-270F972CB1A1}.Debug|x86.ActiveCfg = Debug|x86
		{CADA11BC-FF62-468D-876E-270F972CB1A1}.Debug|x86.Build.0 = Debug|x86
		{CADA11BC-FF62-468D-876E-270F972CB1A1}.Release|x64.ActiveCfg = Release|Any CPU
		{CADA11BC-FF62-468D-876E-270F972CB1A1}.Release|x64.Build.0 = Release|Any CPU
		{CADA11BC-FF62-468D-876E-270F972CB1A1}.Release|x86.ActiveCfg = Release|x86
		{CADA11BC-FF62-468D-876E-270F972CB1A1}.Release|x86.Build.0 = Release|x86
		{1251059E-80C6-41D0-91DD-E97C6A687685}.Debug|x64.ActiveCfg = Debug|Any CPU
		{1251059E-80C6-41D0-91DD-E97C6A687685}.Debug|x64.Build.0 = Debug|Any CPU
		{1251059E-80C6-41D0-91DD-E97C6A687685}.Debug|x86.ActiveCfg = Debug|x86
		{1251059E-80C6-41D0-91DD-E97C6A687685}.Debug|x86.Build.0 = Debug|x86
		{1251059E-80C6-41D0-91DD-E97C6A687685}.Release|x64.ActiveCfg = Release|Any CPU
		{1251059E-80C6-41D0-91DD-E97C6A687685}.Release|x64.Build.0 = Release|Any CPU
		{1251059E-80C6-41D0-91DD-E97C6A687685}.Release|x86.ActiveCfg = Release|x86
		{1251059E-80C6-41D0-91DD-E97C6A687685}.Release|x86.Build.0 = Release|x86
		{16E99A75-52C2-452C-B91D-070A20B34B65}.Debug|x64.ActiveCfg = Debug|Any CPU
		{16E99A75-52C2-452C-B91D-070A20B34B65}.Debug|x64.Build.0 = Debug|Any CPU
		{16E99A75-52C2-452C-B91D-070A20B34B65}.Debug|x86.ActiveCfg = Debug|x86
		{16E99A75-52C2-452C-B91D-070A20B34B65}.Debug|x86.Build.0 = Debug|x86
		{16E99A75-52C2-452C-B91D-070A20B34B65}.Release|x64.ActiveCfg = Release|Any CPU
		{16E99A75-52C2-452C-B91D-070A20B34B65}.Release|x64.Build.0 = Release|Any CPU
		{16E99A75-52C2-452C-B91D-070A20B34B65}.Release|x86.ActiveCfg = Release|x86
		{16E99A75-52C2-452C-B91D-070A20B34B65}.Release|x86.Build.0 = Release|x86
		{16650F72-467C-42C4-B4E9-0CF2A2432A0F}.Debug|x64.ActiveCfg = Debug|Any CPU
		{16650F72-467C-42C4-B4E9-0CF2A2432A0F}.Debug|x64.Build.0 = Debug|Any CPU
		{16650F72-467C-42C4-B4E9-0CF2A2432A0F}.Debug|x86.ActiveCfg = Debug|x86
		{16650F72-467C-42C4-B4E9-0CF2A2432A0F}.Debug|x86.Build.0 = Debug|x86
		{16650F72-467C-42C4-B4E9-0CF2A2432A0F}.Release|x64.ActiveCfg = Release|Any CPU
		{16650F72-467C-42C4-B4E9-0CF2A2432A0F}.Release|x64.Build.0 = Release|Any CPU
		{16650F72-467C-42C4-B4E9-0CF2A2432A0F}.Release|x86.ActiveCfg = Release|x86
		{16650F72-467C-42C4-B4E9-0CF2A2432A0F}.Release|x86.Build.0 = Release|x86
		{DCE811FB-1C96-4C1A-A385-98264E2533F3}.Debug|x64.ActiveCfg = Debug|Any CPU
		{DCE811FB-1C96-4C1A-A385-98264E2533F3}.Debug|x64.Build.0 = Debug|Any CPU
		{DCE811FB-1C96-4C1A-A385-98264E2533F3}.Debug|x86.ActiveCfg = Debug|x86
		{DCE811FB-1C96-4C1A-A385-98264E2533F3}.Debug|x86.Build.0 = Debug|x86
		{DCE811FB-1C96-4C1A-A385-98264E2533F3}.Release|x64.ActiveCfg = Release|Any CPU
		{DCE811FB-1C96-4C1A-A385-98264E2533F3}.Release|x64.Build.0 = Release|Any CPU
		{DCE811FB-1C96-4C1A-A385-98264E2533F3}.Release|x86.ActiveCfg = Release|x86
		{DCE811FB-1C96-4C1A-A385-98264E2533F3}.Release|x86.Build.0 = Release|x86
		{33C5F142-259F-48A4-B2F8-1930A448C041}.Debug|x64.ActiveCfg = Debug|Any CPU
		{33C5F142-259F-48A4-B2F8-1930A448C041}.Debug|x64.Build.0 = Debug|Any CPU
		{33C5F142-259F-48A4-B2F8-1930A448C041}.Debug|x86.ActiveCfg = Debug|x86
		{33C5F142-259F-48A4-B2F8-1930A448C041}.Debug|x86.Build.0 = Debug|x86
		{33C5F142-259F-48A4-B2F8-1930A448C041}.Release|x64.ActiveCfg = Release|Any CPU
		{33C5F142-259F-48A4-B2F8-1930A448C041}.Release|x64.Build.0 = Release|Any CPU
		{33C5F142-259F-48A4-B2F8-1930A448C041}.Release|x86.ActiveCfg = Release|x86
		{33C5F142-259F-48A4-B2F8-1930A448C041}.Release|x86.Build.0 = Release|x86
		{15F70AF9-BA47-4AE8-8B2A-B3B5A43490D7}.Debug|x64.ActiveCfg = Debug|Any CPU
		{15F70AF9-BA47-4AE8-8B2A-B3B5A43490D7}.Debug|x64.Build.0 = Debug|Any CPU
		{15F70AF9-BA47-4AE8-8B2A-B3B5A43490D7}.Debug|x86.ActiveCfg = Debug|x86
		{15F70AF9-BA47-4AE8-8B2A-B3B5A43490D7}.Debug|x86.Build.0 = Debug|x86
		{15F70AF9-BA47-4AE8-8B2A-B3B5A43490D7}.Release|x64.ActiveCfg = Release|Any CPU
		{15F70AF9-BA47-4AE8-8B2A-B3B5A43490D7}.Release|x64.Build.0 = Release|Any CPU
		{15F70AF9-BA47-4AE8-8B2A-B3B5A43490D7}.Release|x86.ActiveCfg = Release|x86
		{15F70AF9-BA47-4AE8-8B2A-B3B5A43490D7}.Release|x86.Build.0 = Release|x86
		{98DCB373-7C4A-4FDD-9FCD-C6A2A7652138}.Debug|x64.ActiveCfg = Debug|Any CPU
		{98DCB373-7C4A-4FDD-9FCD-C6A2A7652138}.Debug|x64.Build.0 = Debug|Any CPU
		{98DCB373-7C4A-4FDD-9FCD-C6A2A7652138}.Debug|x86.ActiveCfg = Debug|x86
		{98DCB373-7C4A-4FDD-9FCD-C6A2A7652138}.Debug|x86.Build.0 = Debug|x86
		{98DCB373-7C4A-4FDD-9FCD-C6A2A7652138}.Release|x64.ActiveCfg = Release|Any CPU
		{98DCB373-7C4A-4FDD-9FCD-C6A2A7652138}.Release|x64.Build.0 = Release|Any CPU
		{98DCB373-7C4A-4FDD-9FCD-C6A2A7652138}.Release|x86.ActiveCfg = Release|x86
		{98DCB373-7C4A-4FDD-9FCD-C6A2A7652138}.Release|x86.Build.0 = Release|x86
		{2F340085-9C62-49F6-9A14-A868755289B7}.Debug|x64.ActiveCfg = Debug|Any CPU
		{2F340085-9C62-49F6-9A14-A868755289B7}.Debug|x64.Build.0 = Debug|Any CPU
		{2F340085-9C62-49F6-9A14-A868755289B7}.Debug|x86.ActiveCfg = Debug|x86
		{2F340085-9C62-49F6-9A14-A868755289B7}.Debug|x86.Build.0 = Debug|x86
		{2F340085-9C62-49F6-9A14-A868755289B7}.Release|x64.ActiveCfg = Release|Any CPU
		{2F340085-9C62-49F6-9A14-A868755289B7}.Release|x64.Build.0 = Release|Any CPU
		{2F340085-9C62-49F6-9A14-A868755289B7}.Release|x86.ActiveCfg = Release|x86
		{2F340085-9C62-49F6-9A14-A868755289B7}.Release|x86.Build.0 = Release|x86
		{365D827D-A062-4318-B9DA-C8EFB7C4C602}.Debug|x64.ActiveCfg = Debug|Any CPU
		{365D827D-A062-4318-B9DA-C8EFB7C4C602}.Debug|x64.Build.0 = Debug|Any CPU
		{365D827D-A062-4318-B9DA-C8EFB7C4C602}.Debug|x86.ActiveCfg = Debug|x86
		{365D827D-A062-4318-B9DA-C8EFB7C4C602}.Debug|x86.Build.0 = Debug|x86
		{365D827D-A062-4318-B9DA-C8EFB7C4C602}.Release|x64.ActiveCfg = Release|Any CPU
		{365D827D-A062-4318-B9DA-C8EFB7C4C602}.Release|x64.Build.0 = Release|Any CPU
		{365D827D-A062-4318-B9DA-C8EFB7C4C602}.Release|x86.ActiveCfg = Release|x86
		{365D827D-A062-4318-B9DA-C8EFB7C4C602}.Release|x86.Build.0 = Release|x86
		{D982DFD8-9CE0-4215-A03E-DD8AC7D622D5}.Debug|x64.ActiveCfg = Debug|Win32
		{D982DFD8-9CE0-4215-A03E-DD8AC7D622D5}.Debug|x64.Build.0 = Debug|Win32
		{D982DFD8-9CE0-4215-A03E-DD8AC7D622D5}.Debug|x86.ActiveCfg = Debug|Win32
		{D982DFD8-9CE0-4215-A03E-DD8AC7D622D5}.Debug|x86.Build.0 = Debug|Win32
		{D982DFD8-9CE0-4215-A03E-DD8AC7D622D5}.Release|x64.ActiveCfg = Release|Win32
		{D982DFD8-9CE0-4215-A03E-DD8AC7D622D5}.Release|x86.ActiveCfg = Release|Win32
		{D982DFD8-9CE0-4215-A03E-DD8AC7D622D5}.Release|x86.Build.0 = Release|Win32
		{6EA7F54B-3274-458F-9FEC-122F8D9A8FAC}.Debug|x64.ActiveCfg = Debug|Win32
		{6EA7F54B-3274-458F-9FEC-122F8D9A8FAC}.Debug|x64.Build.0 = Debug|Win32
		{6EA7F54B-3274-458F-9FEC-122F8D9A8FAC}.Debug|x86.ActiveCfg = Debug|Win32
		{6EA7F54B-3274-458F-9FEC-122F8D9A8FAC}.Debug|x86.Build.0 = Debug|Win32
		{6EA7F54B-3274-458F-9FEC-122F8D9A8FAC}.Release|x64.ActiveCfg = Release|Win32
		{6EA7F54B-3274-458F-9FEC-122F8D9A8FAC}.Release|x86.ActiveCfg = Release|Win32
		{6EA7F54B-3274-458F-9FEC-122F8D9A8FAC}.Release|x86.Build.0 = Release|Win32
		{7EB31E6F-AC69-4E5E-8165-71DBD5D398E5}.Debug|x64.ActiveCfg = Debug|Any CPU
		{7EB31E6F-AC69-4E5E-8165-71DBD5D398E5}.Debug|x64.Build.0 = Debug|Any CPU
		{7EB31E6F-AC69-4E5E-8165-71DBD5D398E5}.Debug|x86.ActiveCfg = Debug|x86
		{7EB31E6F-AC69-4E5E-8165-71DBD5D398E5}.Debug|x86.Build.0 = Debug|x86
		{7EB31E6F-AC69-4E5E-8165-71DBD5D398E5}.Release|x64.ActiveCfg = Release|Any CPU
		{7EB31E6F-AC69-4E5E-8165-71DBD5D398E5}.Release|x64.Build.0 = Release|Any CPU
		{7EB31E6F-AC69-4E5E-8165-71DBD5D398E5}.Release|x86.ActiveCfg = Release|x86
		{7EB31E6F-AC69-4E5E-8165-71DBD5D398E5}.Release|x86.Build.0 = Release|x86
		{3409B881-FBB7-4BF9-B99E-A0865DB495AC}.Debug|x64.ActiveCfg = Debug|x64
		{3409B881-FBB7-4BF9-B99E-A0865DB495AC}.Debug|x64.Build.0 = Debug|x64
		{3409B881-FBB7-4BF9-B99E-A0865DB495AC}.Debug|x86.ActiveCfg = Debug|Win32
		{3409B881-FBB7-4BF9-B99E-A0865DB495AC}.Debug|x86.Build.0 = Debug|Win32
		{3409B881-FBB7-4BF9-B99E-A0865DB495AC}.Release|x64.ActiveCfg = Release|x64
		{3409B881-FBB7-4BF9-B99E-A0865DB495AC}.Release|x64.Build.0 = Release|x64
		{3409B881-FBB7-4BF9-B99E-A0865DB495AC}.Release|x86.ActiveCfg = Release|Win32
		{3409B881-FBB7-4BF9-B99E-A0865DB495AC}.Release|x86.Build.0 = Release|Win32
		{D268006B-5C40-4E61-A8FE-EA3EEEB73FFC}.Debug|x64.ActiveCfg = Debug|Any CPU
		{D268006B-5C40-4E61-A8FE-EA3EEEB73FFC}.Debug|x64.Build.0 = Debug|Any CPU
		{D268006B-5C40-4E61-A8FE-EA3EEEB73FFC}.Debug|x86.ActiveCfg = Debug|x86
		{D268006B-5C40-4E61-A8FE-EA3EEEB73FFC}.Debug|x86.Build.0 = Debug|x86
		{D268006B-5C40-4E61-A8FE-EA3EEEB73FFC}.Release|x64.ActiveCfg = Release|Any CPU
		{D268006B-5C40-4E61-A8FE-EA3EEEB73FFC}.Release|x64.Build.0 = Release|Any CPU
		{D268006B-5C40-4E61-A8FE-EA3EEEB73FFC}.Release|x86.ActiveCfg = Release|x86
		{D268006B-5C40-4E61-A8FE-EA3EEEB73FFC}.Release|x86.Build.0 = Release|x86
		{02E7F292-C899-4F76-AB95-13C490F38AED}.Debug|x64.ActiveCfg = Debug|x64
		{02E7F292-C899-4F76-AB95-13C490F38AED}.Debug|x64.Build.0 = Debug|x64
		{02E7F292-C899-4F76-AB95-13C490F38AED}.Debug|x86.ActiveCfg = Debug|Win32
		{02E7F292-C899-4F76-AB95-13C490F38AED}.Debug|x86.Build.0 = Debug|Win32
		{02E7F292-C899-4F76-AB95-13C490F38AED}.Release|x64.ActiveCfg = Release|x64
		{02E7F292-C899-4F76-AB95-13C490F38AED}.Release|x64.Build.0 = Release|x64
		{02E7F292-C899-4F76-AB95-13C490F38AED}.Release|x86.ActiveCfg = Release|Win32
		{02E7F292-C899-4F76-AB95-13C490F38AED}.Release|x86.Build.0 = Release|Win32
		{852E0EED-52E5-48B1-B0D0-D5169F550B3B}.Debug|x64.ActiveCfg = Debug|Any CPU
		{852E0EED-52E5-48B1-B0D0-D5169F550B3B}.Debug|x64.Build.0 = Debug|Any CPU
		{852E0EED-52E5-48B1-B0D0-D5169F550B3B}.Debug|x86.ActiveCfg = Debug|x86
		{852E0EED-52E5-48B1-B0D0-D5169F550B3B}.Debug|x86.Build.0 = Debug|x86
		{852E0EED-52E5-48B1-B0D0-D5169F550B3B}.Release|x64.ActiveCfg = Release|Any CPU
		{852E0EED-52E5-48B1-B0D0-D5169F550B3B}.Release|x64.Build.0 = Release|Any CPU
		{852E0EED-52E5-48B1-B0D0-D5169F550B3B}.Release|x86.ActiveCfg = Release|x86
		{852E0EED-52E5-48B1-B0D0-D5169F550B3B}.Release|x86.Build.0 = Release|x86
		{72668FD5-477B-4A61-B31A-F2D6DAE83F1B}.Debug|x64.ActiveCfg = Debug|Any CPU
		{72668FD5-477B-4A61-B31A-F2D6DAE83F1B}.Debug|x64.Build.0 = Debug|Any CPU
		{72668FD5-477B-4A61-B31A-F2D6DAE83F1B}.Debug|x86.ActiveCfg = Debug|x86
		{72668FD5-477B-4A61-B31A-F2D6DAE83F1B}.Debug|x86.Build.0 = Debug|x86
		{72668FD5-477B-4A61-B31A-F2D6DAE83F1B}.Release|x64.ActiveCfg = Release|Any CPU
		{72668FD5-477B-4A61-B31A-F2D6DAE83F1B}.Release|x64.Build.0 = Release|Any CPU
		{72668FD5-477B-4A61-B31A-F2D6DAE83F1B}.Release|x86.ActiveCfg = Release|x86
		{72668FD5-477B-4A61-B31A-F2D6DAE83F1B}.Release|x86.Build.0 = Release|x86
		{4F103413-D513-44AF-BBEE-34557C5D85E2}.Debug|x64.ActiveCfg = Debug|x64
		{4F103413-D513-44AF-BBEE-34557C5D85E2}.Debug|x64.Build.0 = Debug|x64
		{4F103413-D513-44AF-BBEE-34557C5D85E2}.Debug|x86.ActiveCfg = Debug|Win32
		{4F103413-D513-44AF-BBEE-34557C5D85E2}.Debug|x86.Build.0 = Debug|Win32
		{4F103413-D513-44AF-BBEE-34557C5D85E2}.Release|x64.ActiveCfg = Release|x64
		{4F103413-D513-44AF-BBEE-34557C5D85E2}.Release|x64.Build.0 = Release|x64
		{4F103413-D513-44AF-BBEE-34557C5D85E2}.Release|x86.ActiveCfg = Release|Win32
		{4F103413-D513-44AF-BBEE-34557C5D85E2}.Release|x86.Build.0 = Release|Win32
		{D7A0D165-7D00-4929-A51B-58D098349CAE}.Debug|x64.ActiveCfg = Debug|x64
		{D7A0D165-7D00-4929-A51B-58D098349CAE}.Debug|x64.Build.0 = Debug|x64
		{D7A0D165-7D00-4929-A51B-58D098349CAE}.Debug|x86.ActiveCfg = Debug|Win32
		{D7A0D165-7D00-4929-A51B-58D098349CAE}.Debug|x86.Build.0 = Debug|Win32
		{D7A0D165-7D00-4929-A51B-58D098349CAE}.Release|x64.ActiveCfg = Release|x64
		{D7A0D165-7D00-4929-A51B-58D098349CAE}.Release|x64.Build.0 = Release|x64
		{D7A0D165-7D00-4929-A51B-58D098349CAE}.Release|x86.ActiveCfg = Release|Win32
		{D7A0D165-7D00-4929-A51B-58D098349CAE}.Release|x86.Build.0 = Release|Win32
		{A4A63BA8-6718-4E4F-A0C9-65204CC0C880}.Debug|x64.ActiveCfg = Debug|Win32
		{A4A63BA8-6718-4E4F-A0C9-65204CC0C880}.Debug|x64.Build.0 = Debug|Win32
		{A4A63BA8-6718-4E4F-A0C9-65204CC0C880}.Debug|x86.ActiveCfg = Debug|Win32
		{A4A63BA8-6718-4E4F-A0C9-65204CC0C880}.Debug|x86.Build.0 = Debug|Win32
		{A4A63BA8-6718-4E4F-A0C9-65204CC0C880}.Release|x64.ActiveCfg = Release|Win32
		{A4A63BA8-6718-4E4F-A0C9-65204CC0C880}.Release|x86.ActiveCfg = Release|Win32
		{A4A63BA8-6718-4E4F-A0C9-65204CC0C880}.Release|x86.Build.0 = Release|Win32
		{95EE3EEA-3F2C-4BDC-B3C0-EE3DB1CA800A}.Debug|x64.ActiveCfg = Debug|Any CPU
		{95EE3EEA-3F2C-4BDC-B3C0-EE3DB1CA800A}.Debug|x64.Build.0 = Debug|Any CPU
		{95EE3EEA-3F2C-4BDC-B3C0-EE3DB1CA800A}.Debug|x86.ActiveCfg = Debug|x86
		{95EE3EEA-3F2C-4BDC-B3C0-EE3DB1CA800A}.Debug|x86.Build.0 = Debug|x86
		{95EE3EEA-3F2C-4BDC-B3C0-EE3DB1CA800A}.Release|x64.ActiveCfg = Release|Any CPU
		{95EE3EEA-3F2C-4BDC-B3C0-EE3DB1CA800A}.Release|x86.ActiveCfg = Release|x86
		{95EE3EEA-3F2C-4BDC-B3C0-EE3DB1CA800A}.Release|x86.Build.0 = Release|x86
		{EDA42F1C-00CD-4C8F-AFB4-99F6CE0E7140}.Debug|x64.ActiveCfg = Debug|Win32
		{EDA42F1C-00CD-4C8F-AFB4-99F6CE0E7140}.Debug|x86.ActiveCfg = Debug|Win32
		{EDA42F1C-00CD-4C8F-AFB4-99F6CE0E7140}.Debug|x86.Build.0 = Debug|Win32
		{EDA42F1C-00CD-4C8F-AFB4-99F6CE0E7140}.Release|x64.ActiveCfg = Release|Win32
		{EDA42F1C-00CD-4C8F-AFB4-99F6CE0E7140}.Release|x86.ActiveCfg = Release|Win32
		{EDA42F1C-00CD-4C8F-AFB4-99F6CE0E7140}.Release|x86.Build.0 = Release|Win32
		{35A5C415-0906-4AC7-B0F6-FE3CCA884AD9}.Debug|x64.ActiveCfg = Debug|Any CPU
		{35A5C415-0906-4AC7-B0F6-FE3CCA884AD9}.Debug|x86.ActiveCfg = Debug|Any CPU
		{35A5C415-0906-4AC7-B0F6-FE3CCA884AD9}.Debug|x86.Build.0 = Debug|Any CPU
		{35A5C415-0906-4AC7-B0F6-FE3CCA884AD9}.Release|x64.ActiveCfg = Release|Any CPU
		{35A5C415-0906-4AC7-B0F6-FE3CCA884AD9}.Release|x86.ActiveCfg = Release|Any CPU
	EndGlobalSection
	GlobalSection(SolutionProperties) = preSolution
		HideSolutionNode = FALSE
	EndGlobalSection
EndGlobal
