<?xml version="1.0" encoding="utf-8"?>
<Project ToolsVersion="4.0" xmlns="http://schemas.microsoft.com/developer/msbuild/2003">
  <ItemGroup>
    <Filter Include="1 Header Files">
      <UniqueIdentifier>{93995380-89BD-4b04-88EB-625FBE52EBFB}</UniqueIdentifier>
      <Extensions>h;hh;hpp;hxx;h++;hm;inl;inc;ipp;xsd</Extensions>
    </Filter>
    <Filter Include="3 Resource Files">
      <UniqueIdentifier>{67DA6AB6-F800-4c08-8B7A-83BB121AAD01}</UniqueIdentifier>
      <Extensions>rc;ico;cur;bmp;dlg;rc2;rct;bin;rgs;gif;jpg;jpeg;jpe;resx;tiff;tif;png;wav;mfcribbon-ms</Extensions>
    </Filter>
    <Filter Include="2 Source Files">
      <UniqueIdentifier>{4FC737F1-C7A5-4376-A066-2A32D752A2FF}</UniqueIdentifier>
      <Extensions>cpp;c;cc;cxx;c++;cppm;ixx;def;odl;idl;hpj;bat;asm;asmx</Extensions>
    </Filter>
  </ItemGroup>
  <ItemGroup>
    <ClInclude Include="framework.h">
      <Filter>1 Header Files</Filter>
    </ClInclude>
    <ClInclude Include="targetver.h">
      <Filter>1 Header Files</Filter>
    </ClInclude>
    <ClInclude Include="Resource.h">
      <Filter>1 Header Files</Filter>
    </ClInclude>
    <ClInclude Include="MoreSendTo.h">
      <Filter>1 Header Files</Filter>
    </ClInclude>
    <ClInclude Include="..\..\lsMisc\CreateSimpleWindow.h">
      <Filter>1 Header Files</Filter>
    </ClInclude>
    <ClInclude Include="stdafx.h">
      <Filter>1 Header Files</Filter>
    </ClInclude>
    <ClInclude Include="..\..\lsMisc\CommandLineParser.h">
      <Filter>1 Header Files</Filter>
    </ClInclude>
    <ClInclude Include="..\..\lsMisc\CreateShortcutFile.h">
      <Filter>1 Header Files</Filter>
    </ClInclude>
    <ClInclude Include="..\..\lsMisc\DebugMacro.h">
      <Filter>1 Header Files</Filter>
    </ClInclude>
    <ClInclude Include="..\..\lsMisc\GetFilesInfo.h">
      <Filter>1 Header Files</Filter>
    </ClInclude>
    <ClInclude Include="..\..\lsMisc\GetLastErrorString.h">
      <Filter>1 Header Files</Filter>
    </ClInclude>
    <ClInclude Include="..\..\lsMisc\GetVersionString.h">
      <Filter>1 Header Files</Filter>
    </ClInclude>
    <ClInclude Include="..\..\lsMisc\HighDPI.h">
      <Filter>1 Header Files</Filter>
    </ClInclude>
    <ClInclude Include="..\..\lsMisc\I18N.h">
      <Filter>1 Header Files</Filter>
    </ClInclude>
    <ClInclude Include="..\..\lsMisc\Is64.h">
      <Filter>1 Header Files</Filter>
    </ClInclude>
    <ClInclude Include="..\..\lsMisc\OpenCommon.h">
      <Filter>1 Header Files</Filter>
    </ClInclude>
    <ClInclude Include="..\..\lsMisc\SHMoveFile.h">
      <Filter>1 Header Files</Filter>
    </ClInclude>
    <ClInclude Include="..\..\lsMisc\UrlEncode.h">
      <Filter>1 Header Files</Filter>
    </ClInclude>
    <ClInclude Include="..\..\lsMisc\UTF16toUTF8.h">
      <Filter>1 Header Files</Filter>
    </ClInclude>
    <ClInclude Include="..\..\lsMisc\stdosd\stdosd.h">
      <Filter>1 Header Files</Filter>
    </ClInclude>
    <ClInclude Include="..\..\lsMisc\stdosd\stdosd_exception.h">
      <Filter>1 Header Files</Filter>
    </ClInclude>
    <ClInclude Include="..\..\lsMisc\stdosd\stdosd_literal.h">
      <Filter>1 Header Files</Filter>
    </ClInclude>
    <ClInclude Include="..\..\lsMisc\CommandLineString.h">
      <Filter>1 Header Files</Filter>
    </ClInclude>
  </ItemGroup>
  <ItemGroup>
    <ClCompile Include="MoreSendTo.cpp">
      <Filter>2 Source Files</Filter>
    </ClCompile>
    <ClCompile Include="..\..\lsMisc\CreateSimpleWindow.cpp">
      <Filter>2 Source Files</Filter>
    </ClCompile>
    <ClCompile Include="..\..\lsMisc\CommandLineParser.cpp">
      <Filter>2 Source Files</Filter>
    </ClCompile>
    <ClCompile Include="..\..\lsMisc\CreateShortcutFile.cpp">
      <Filter>2 Source Files</Filter>
    </ClCompile>
    <ClCompile Include="..\..\lsMisc\DebugMacro.cpp">
      <Filter>2 Source Files</Filter>
    </ClCompile>
    <ClCompile Include="..\..\lsMisc\GetFilesInfo.cpp">
      <Filter>2 Source Files</Filter>
    </ClCompile>
    <ClCompile Include="..\..\lsMisc\GetLastErrorString.cpp">
      <Filter>2 Source Files</Filter>
    </ClCompile>
    <ClCompile Include="..\..\lsMisc\GetVersionString.cpp">
      <Filter>2 Source Files</Filter>
    </ClCompile>
    <ClCompile Include="..\..\lsMisc\HighDPI.cpp">
      <Filter>2 Source Files</Filter>
    </ClCompile>
    <ClCompile Include="..\..\lsMisc\I18N.cpp">
      <Filter>2 Source Files</Filter>
    </ClCompile>
    <ClCompile Include="..\..\lsMisc\Is64.cpp">
      <Filter>2 Source Files</Filter>
    </ClCompile>
    <ClCompile Include="..\..\lsMisc\OpenCommon.cpp">
      <Filter>2 Source Files</Filter>
    </ClCompile>
    <ClCompile Include="..\..\lsMisc\SHMoveFile.cpp">
      <Filter>2 Source Files</Filter>
    </ClCompile>
    <ClCompile Include="..\..\lsMisc\UrlEncode.cpp">
      <Filter>2 Source Files</Filter>
    </ClCompile>
    <ClCompile Include="..\..\lsMisc\UTF16toUTF8.cpp">
      <Filter>2 Source Files</Filter>
    </ClCompile>
    <ClCompile Include="..\..\lsMisc\stdosd\stdosd.cpp">
      <Filter>2 Source Files</Filter>
    </ClCompile>
    <ClCompile Include="..\..\lsMisc\stdosd\stdosd_win.cpp">
      <Filter>2 Source Files</Filter>
    </ClCompile>
  </ItemGroup>
  <ItemGroup>
    <ResourceCompile Include="MoreSendTo.rc">
      <Filter>3 Resource Files</Filter>
    </ResourceCompile>
  </ItemGroup>
  <ItemGroup>
    <Image Include="small.ico">
      <Filter>3 Resource Files</Filter>
    </Image>
    <Image Include="MoreSendTo.ico">
      <Filter>3 Resource Files</Filter>
    </Image>
  </ItemGroup>
</Project>